
Microsoft Visual Studio Solution File, Format Version 12.00
# Visual Studio 14
VisualStudioVersion = 14.0.24720.0
MinimumVisualStudioVersion = 10.0.40219.1
Project("{FAE04EC0-301F-11D3-BF4B-00C04F79EFBC}") = "MobileCan", "MobileCan\MobileCan.csproj", "{A73602F1-E3EC-41AF-98B6-46E05EC70832}"
EndProject
Project("{FAE04EC0-301F-11D3-BF4B-00C04F79EFBC}") = "MobileCan.Database", "MobileCan.Database\MobileCan.Database.csproj", "{2D601EAD-04A3-4993-856F-18F719F714C9}"
EndProject
Global
	GlobalSection(SolutionConfigurationPlatforms) = preSolution
		Debug|Any CPU = Debug|Any CPU
		Release|Any CPU = Release|Any CPU
	EndGlobalSection
	GlobalSection(ProjectConfigurationPlatforms) = postSolution
		{A73602F1-E3EC-41AF-98B6-46E05EC70832}.Debug|Any CPU.ActiveCfg = Debug|Any CPU
		{A73602F1-E3EC-41AF-98B6-46E05EC70832}.Debug|Any CPU.Build.0 = Debug|Any CPU
		{A73602F1-E3EC-41AF-98B6-46E05EC70832}.Release|Any CPU.ActiveCfg = Release|Any CPU
		{A73602F1-E3EC-41AF-98B6-46E05EC70832}.Release|Any CPU.Build.0 = Release|Any CPU
		{2D601EAD-04A3-4993-856F-18F719F714C9}.Debug|Any CPU.ActiveCfg = Debug|Any CPU
		{2D601EAD-04A3-4993-856F-18F719F714C9}.Debug|Any CPU.Build.0 = Debug|Any CPU
		{2D601EAD-04A3-4993-856F-18F719F714C9}.Release|Any CPU.ActiveCfg = Release|Any CPU
		{2D601EAD-04A3-4993-856F-18F719F714C9}.Release|Any CPU.Build.0 = Release|Any CPU
	EndGlobalSection
	GlobalSection(SolutionProperties) = preSolution
		HideSolutionNode = FALSE
	EndGlobalSection
EndGlobal
